
Microsoft Visual Studio Solution File, Format Version 12.00
# Visual Studio 15
VisualStudioVersion = 15.0.27004.2002
MinimumVisualStudioVersion = 10.0.40219.1
Project("{8BC9CEB8-8B4A-11D0-8D11-00A0C91BC942}") = "gen_RadioCNILCB", "gen_RadioCNILCB\gen_RadioCNILCB.vcxproj", "{5BCF0ECE-1F9E-437C-A5E1-8D4CD0DA8EBF}"
EndProject
Global
	GlobalSection(SolutionConfigurationPlatforms) = preSolution
		Debug|x64 = Debug|x64
		Debug|x86 = Debug|x86
		Release|x64 = Release|x64
		Release|x86 = Release|x86
	EndGlobalSection
	GlobalSection(ProjectConfigurationPlatforms) = postSolution
		{5BCF0ECE-1F9E-437C-A5E1-8D4CD0DA8EBF}.Debug|x64.ActiveCfg = Debug|x64
		{5BCF0ECE-1F9E-437C-A5E1-8D4CD0DA8EBF}.Debug|x64.Build.0 = Debug|x64
		{5BCF0ECE-1F9E-437C-A5E1-8D4CD0DA8EBF}.Debug|x86.ActiveCfg = Debug|Win32
		{5BCF0ECE-1F9E-437C-A5E1-8D4CD0DA8EBF}.Debug|x86.Build.0 = Debug|Win32
		{5BCF0ECE-1F9E-437C-A5E1-8D4CD0DA8EBF}.Release|x64.ActiveCfg = Release|x64
		{5BCF0ECE-1F9E-437C-A5E1-8D4CD0DA8EBF}.Release|x64.Build.0 = Release|x64
		{5BCF0ECE-1F9E-437C-A5E1-8D4CD0DA8EBF}.Release|x86.ActiveCfg = Release|Win32
		{5BCF0ECE-1F9E-437C-A5E1-8D4CD0DA8EBF}.Release|x86.Build.0 = Release|Win32
	EndGlobalSection
	GlobalSection(SolutionProperties) = preSolution
		HideSolutionNode = FALSE
	EndGlobalSection
	GlobalSection(ExtensibilityGlobals) = postSolution
		SolutionGuid = {33412C89-0DCD-446D-894D-A802A543C85B}
	EndGlobalSection
EndGlobal
